
Microsoft Visual Studio Solution File, Format Version 12.00
# Blend for Visual Studio 15
VisualStudioVersion = 15.0.28307.1000
MinimumVisualStudioVersion = 10.0.40219.1
Project("{FAE04EC0-301F-11D3-BF4B-00C04F79EFBC}") = "EggCrack", "EggCrack\EggCrack.csproj", "{68C3E545-4639-428D-92CF-1E5A1498DA7B}"
EndProject
Global
	GlobalSection(SolutionConfigurationPlatforms) = preSolution
		Debug|Any CPU = Debug|Any CPU
		Release|Any CPU = Release|Any CPU
	EndGlobalSection
	GlobalSection(ProjectConfigurationPlatforms) = postSolution
		{68C3E545-4639-428D-92CF-1E5A1498DA7B}.Debug|Any CPU.ActiveCfg = Debug|Any CPU
		{68C3E545-4639-428D-92CF-1E5A1498DA7B}.Debug|Any CPU.Build.0 = Debug|Any CPU
		{68C3E545-4639-428D-92CF-1E5A1498DA7B}.Release|Any CPU.ActiveCfg = Release|Any CPU
		{68C3E545-4639-428D-92CF-1E5A1498DA7B}.Release|Any CPU.Build.0 = Release|Any CPU
	EndGlobalSection
	GlobalSection(SolutionProperties) = preSolution
		HideSolutionNode = FALSE
	EndGlobalSection
	GlobalSection(ExtensibilityGlobals) = postSolution
		SolutionGuid = {5D4242F8-E048-406D-A951-CF766AEDD911}
	EndGlobalSection
EndGlobal
